// !$*UTF8*$!
{
	archiveVersion = 1;
	classes = {
	};
	objectVersion = 77;
	objects = {

/* Begin PBXBuildFile section */
		865777792F8DA018001FF1AB /* Assets.xcassets in Resources */ = {isa = PBXBuildFile; fileRef = 865777782F8DA018001FF1AB /* Assets.xcassets */; };
		8673B27C2F884C760063B14E /* NotificationService.swift in Sources */ = {isa = PBXBuildFile; fileRef = 8673B2732F884C760063B14E /* NotificationService.swift */; };
		8673B27D2F884C760063B14E /* DashboardView.swift in Sources */ = {isa = PBXBuildFile; fileRef = 8673B2792F884C760063B14E /* DashboardView.swift */; };
		8673B27E2F884C760063B14E /* SettingsView.swift in Sources */ = {isa = PBXBuildFile; fileRef = 8673B27A2F884C760063B14E /* SettingsView.swift */; };
		8673B27F2F884C760063B14E /* RSSParser.swift in Sources */ = {isa = PBXBuildFile; fileRef = 8673B2742F884C760063B14E /* RSSParser.swift */; };
		8673B2802F884C760063B14E /* StatusMonitorApp.swift in Sources */ = {isa = PBXBuildFile; fileRef = 8673B2782F884C760063B14E /* StatusMonitorApp.swift */; };
		8673B2812F884C760063B14E /* Models.swift in Sources */ = {isa = PBXBuildFile; fileRef = 8673B2712F884C760063B14E /* Models.swift */; };
		8673B2822F884C760063B14E /* StatusManager.swift in Sources */ = {isa = PBXBuildFile; fileRef = 8673B2752F884C760063B14E /* StatusManager.swift */; };
		8673B2832F884C760063B14E /* Info.plist in Resources */ = {isa = PBXBuildFile; fileRef = 8673B2702F884C760063B14E /* Info.plist */; };
		AA00000100000001000CATJN /* catalog.json in Resources */ = {isa = PBXBuildFile; fileRef = AA00000100000002000CATJN /* catalog.json */; };
		AA00000100000006000SIVEW /* ServiceIconView.swift in Sources */ = {isa = PBXBuildFile; fileRef = AA00000100000007000SIVEW /* ServiceIconView.swift */; };
		AA00000100000008000FBVEW /* FeedbackView.swift in Sources */ = {isa = PBXBuildFile; fileRef = AA00000100000009000FBVEW /* FeedbackView.swift */; };
		AA0000010000000A000SDVEW /* ServiceDetailView.swift in Sources */ = {isa = PBXBuildFile; fileRef = AA0000010000000B000SDVEW /* ServiceDetailView.swift */; };
		BB00000100000001000CATTF /* CatalogTests.swift in Sources */ = {isa = PBXBuildFile; fileRef = BB00000100000002000CATTF /* CatalogTests.swift */; };
		BB00000100000003000CODTF /* CodableTests.swift in Sources */ = {isa = PBXBuildFile; fileRef = BB00000100000004000CODTF /* CodableTests.swift */; };
		BB00000100000005000CMPTF /* ComponentStatusTests.swift in Sources */ = {isa = PBXBuildFile; fileRef = BB00000100000006000CMPTF /* ComponentStatusTests.swift */; };
		BB00000100000007000PRVTF /* ProviderTests.swift in Sources */ = {isa = PBXBuildFile; fileRef = BB00000100000008000PRVTF /* ProviderTests.swift */; };
		BB00000100000009000RSSTF /* RSSParserTests.swift in Sources */ = {isa = PBXBuildFile; fileRef = BB0000010000000A000RSSTF /* RSSParserTests.swift */; };
		BB0000010000000B000SMGTF /* StatusManagerTests.swift in Sources */ = {isa = PBXBuildFile; fileRef = BB0000010000000C000SMGTF /* StatusManagerTests.swift */; };
		BB0000010000000F000POLTF /* StatusManagerPollTests.swift in Sources */ = {isa = PBXBuildFile; fileRef = BB00000100000010000POLTF /* StatusManagerPollTests.swift */; };
		BB00000100000011000NFYTF /* NotificationServiceTests.swift in Sources */ = {isa = PBXBuildFile; fileRef = BB00000100000012000NFYTF /* NotificationServiceTests.swift */; };
		BB00000100000013000PRSTF /* StatusManagerPersistenceTests.swift in Sources */ = {isa = PBXBuildFile; fileRef = BB00000100000014000PRSTF /* StatusManagerPersistenceTests.swift */; };
		BB00000100000015000BOFTF /* StatusManagerBackoffTests.swift in Sources */ = {isa = PBXBuildFile; fileRef = BB00000100000016000BOFTF /* StatusManagerBackoffTests.swift */; };
		BB00000100000017000CLDTF /* CloudProviderRSSTests.swift in Sources */ = {isa = PBXBuildFile; fileRef = BB00000100000018000CLDTF /* CloudProviderRSSTests.swift */; };
/* End PBXBuildFile section */

/* Begin PBXContainerItemProxy section */
		BB0000010000000D000PROXY /* PBXContainerItemProxy */ = {
			isa = PBXContainerItemProxy;
			containerPortal = 8673B2542F884BFF0063B14E /* Project object */;
			proxyType = 1;
			remoteGlobalIDString = 8673B25B2F884BFF0063B14E;
			remoteInfo = StatusMonitor;
		};
/* End PBXContainerItemProxy section */

/* Begin PBXFileReference section */
		865777782F8DA018001FF1AB /* Assets.xcassets */ = {isa = PBXFileReference; lastKnownFileType = folder.assetcatalog; path = Assets.xcassets; sourceTree = "<group>"; };
		8673B25C2F884BFF0063B14E /* StatusMonitor.app */ = {isa = PBXFileReference; explicitFileType = wrapper.application; includeInIndex = 0; path = StatusMonitor.app; sourceTree = BUILT_PRODUCTS_DIR; };
		8673B2702F884C760063B14E /* Info.plist */ = {isa = PBXFileReference; lastKnownFileType = text.plist.xml; path = Info.plist; sourceTree = "<group>"; };
		8673B2712F884C760063B14E /* Models.swift */ = {isa = PBXFileReference; lastKnownFileType = sourcecode.swift; path = Models.swift; sourceTree = "<group>"; };
		8673B2732F884C760063B14E /* NotificationService.swift */ = {isa = PBXFileReference; lastKnownFileType = sourcecode.swift; path = NotificationService.swift; sourceTree = "<group>"; };
		8673B2742F884C760063B14E /* RSSParser.swift */ = {isa = PBXFileReference; lastKnownFileType = sourcecode.swift; path = RSSParser.swift; sourceTree = "<group>"; };
		8673B2752F884C760063B14E /* StatusManager.swift */ = {isa = PBXFileReference; lastKnownFileType = sourcecode.swift; path = StatusManager.swift; sourceTree = "<group>"; };
		8673B2772F884C760063B14E /* StatusMonitor.entitlements */ = {isa = PBXFileReference; lastKnownFileType = text.plist.entitlements; path = StatusMonitor.entitlements; sourceTree = "<group>"; };
		8673B2782F884C760063B14E /* StatusMonitorApp.swift */ = {isa = PBXFileReference; lastKnownFileType = sourcecode.swift; path = StatusMonitorApp.swift; sourceTree = "<group>"; };
		8673B2792F884C760063B14E /* DashboardView.swift */ = {isa = PBXFileReference; lastKnownFileType = sourcecode.swift; path = DashboardView.swift; sourceTree = "<group>"; };
		8673B27A2F884C760063B14E /* SettingsView.swift */ = {isa = PBXFileReference; lastKnownFileType = sourcecode.swift; path = SettingsView.swift; sourceTree = "<group>"; };
		AA00000100000002000CATJN /* catalog.json */ = {isa = PBXFileReference; lastKnownFileType = text.json; path = catalog.json; sourceTree = "<group>"; };
		AA00000100000007000SIVEW /* ServiceIconView.swift */ = {isa = PBXFileReference; lastKnownFileType = sourcecode.swift; path = ServiceIconView.swift; sourceTree = "<group>"; };
		AA00000100000009000FBVEW /* FeedbackView.swift */ = {isa = PBXFileReference; lastKnownFileType = sourcecode.swift; path = FeedbackView.swift; sourceTree = "<group>"; };
		AA0000010000000B000SDVEW /* ServiceDetailView.swift */ = {isa = PBXFileReference; lastKnownFileType = sourcecode.swift; path = ServiceDetailView.swift; sourceTree = "<group>"; };
		BB00000100000002000CATTF /* CatalogTests.swift */ = {isa = PBXFileReference; lastKnownFileType = sourcecode.swift; path = CatalogTests.swift; sourceTree = "<group>"; };
		BB00000100000004000CODTF /* CodableTests.swift */ = {isa = PBXFileReference; lastKnownFileType = sourcecode.swift; path = CodableTests.swift; sourceTree = "<group>"; };
		BB00000100000006000CMPTF /* ComponentStatusTests.swift */ = {isa = PBXFileReference; lastKnownFileType = sourcecode.swift; path = ComponentStatusTests.swift; sourceTree = "<group>"; };
		BB00000100000008000PRVTF /* ProviderTests.swift */ = {isa = PBXFileReference; lastKnownFileType = sourcecode.swift; path = ProviderTests.swift; sourceTree = "<group>"; };
		BB0000010000000A000RSSTF /* RSSParserTests.swift */ = {isa = PBXFileReference; lastKnownFileType = sourcecode.swift; path = RSSParserTests.swift; sourceTree = "<group>"; };
		BB0000010000000C000SMGTF /* StatusManagerTests.swift */ = {isa = PBXFileReference; lastKnownFileType = sourcecode.swift; path = StatusManagerTests.swift; sourceTree = "<group>"; };
		BB00000100000010000POLTF /* StatusManagerPollTests.swift */ = {isa = PBXFileReference; lastKnownFileType = sourcecode.swift; path = StatusManagerPollTests.swift; sourceTree = "<group>"; };
		BB00000100000012000NFYTF /* NotificationServiceTests.swift */ = {isa = PBXFileReference; lastKnownFileType = sourcecode.swift; path = NotificationServiceTests.swift; sourceTree = "<group>"; };
		BB00000100000014000PRSTF /* StatusManagerPersistenceTests.swift */ = {isa = PBXFileReference; lastKnownFileType = sourcecode.swift; path = StatusManagerPersistenceTests.swift; sourceTree = "<group>"; };
		BB00000100000016000BOFTF /* StatusManagerBackoffTests.swift */ = {isa = PBXFileReference; lastKnownFileType = sourcecode.swift; path = StatusManagerBackoffTests.swift; sourceTree = "<group>"; };
		BB00000100000018000CLDTF /* CloudProviderRSSTests.swift */ = {isa = PBXFileReference; lastKnownFileType = sourcecode.swift; path = CloudProviderRSSTests.swift; sourceTree = "<group>"; };
		BB0000010000000E000XCTEST /* StatusMonitorTests.xctest */ = {isa = PBXFileReference; explicitFileType = wrapper.cfbundle; includeInIndex = 0; path = StatusMonitorTests.xctest; sourceTree = BUILT_PRODUCTS_DIR; };
/* End PBXFileReference section */

/* Begin PBXFrameworksBuildPhase section */
		8673B2592F884BFF0063B14E /* Frameworks */ = {
			isa = PBXFrameworksBuildPhase;
			buildActionMask = 2147483647;
			files = (
			);
			runOnlyForDeploymentPostprocessing = 0;
		};
		BB0000010000000F000FRMWK /* Frameworks */ = {
			isa = PBXFrameworksBuildPhase;
			buildActionMask = 2147483647;
			files = (
			);
			runOnlyForDeploymentPostprocessing = 0;
		};
/* End PBXFrameworksBuildPhase section */

/* Begin PBXGroup section */
		8673B2532F884BFF0063B14E = {
			isa = PBXGroup;
			children = (
				8673B25D2F884BFF0063B14E /* Products */,
				8673B2702F884C760063B14E /* Info.plist */,
				8673B2722F884C760063B14E /* Models */,
				AA00000100000003000RESRC /* Resources */,
				8673B2762F884C760063B14E /* Services */,
				8673B2772F884C760063B14E /* StatusMonitor.entitlements */,
				8673B2782F884C760063B14E /* StatusMonitorApp.swift */,
				BB00000100000010000TGRPP /* StatusMonitorTests */,
				8673B27B2F884C760063B14E /* Views */,
			);
			sourceTree = "<group>";
		};
		8673B25D2F884BFF0063B14E /* Products */ = {
			isa = PBXGroup;
			children = (
				8673B25C2F884BFF0063B14E /* StatusMonitor.app */,
				BB0000010000000E000XCTEST /* StatusMonitorTests.xctest */,
			);
			name = Products;
			sourceTree = "<group>";
		};
		8673B2722F884C760063B14E /* Models */ = {
			isa = PBXGroup;
			children = (
				8673B2712F884C760063B14E /* Models.swift */,
			);
			path = Models;
			sourceTree = "<group>";
		};
		8673B2762F884C760063B14E /* Services */ = {
			isa = PBXGroup;
			children = (
				8673B2732F884C760063B14E /* NotificationService.swift */,
				8673B2742F884C760063B14E /* RSSParser.swift */,
				8673B2752F884C760063B14E /* StatusManager.swift */,
			);
			path = Services;
			sourceTree = "<group>";
		};
		8673B27B2F884C760063B14E /* Views */ = {
			isa = PBXGroup;
			children = (
				8673B2792F884C760063B14E /* DashboardView.swift */,
				AA00000100000009000FBVEW /* FeedbackView.swift */,
				AA0000010000000B000SDVEW /* ServiceDetailView.swift */,
				AA00000100000007000SIVEW /* ServiceIconView.swift */,
				8673B27A2F884C760063B14E /* SettingsView.swift */,
			);
			path = Views;
			sourceTree = "<group>";
		};
		AA00000100000003000RESRC /* Resources */ = {
			isa = PBXGroup;
			children = (
				865777782F8DA018001FF1AB /* Assets.xcassets */,
				AA00000100000002000CATJN /* catalog.json */,
			);
			path = Resources;
			sourceTree = "<group>";
		};
		BB00000100000010000TGRPP /* StatusMonitorTests */ = {
			isa = PBXGroup;
			children = (
				BB00000100000002000CATTF /* CatalogTests.swift */,
				BB00000100000004000CODTF /* CodableTests.swift */,
				BB00000100000006000CMPTF /* ComponentStatusTests.swift */,
				BB00000100000008000PRVTF /* ProviderTests.swift */,
				BB0000010000000A000RSSTF /* RSSParserTests.swift */,
				BB0000010000000C000SMGTF /* StatusManagerTests.swift */,
				BB00000100000010000POLTF /* StatusManagerPollTests.swift */,
				BB00000100000012000NFYTF /* NotificationServiceTests.swift */,
				BB00000100000014000PRSTF /* StatusManagerPersistenceTests.swift */,
				BB00000100000016000BOFTF /* StatusManagerBackoffTests.swift */,
				BB00000100000018000CLDTF /* CloudProviderRSSTests.swift */,
			);
			path = StatusMonitorTests;
			sourceTree = "<group>";
		};
/* End PBXGroup section */

/* Begin PBXNativeTarget section */
		8673B25B2F884BFF0063B14E /* StatusMonitor */ = {
			isa = PBXNativeTarget;
			buildConfigurationList = 8673B2672F884C000063B14E /* Build configuration list for PBXNativeTarget "StatusMonitor" */;
			buildPhases = (
				8673B2582F884BFF0063B14E /* Sources */,
				8673B2592F884BFF0063B14E /* Frameworks */,
				8673B25A2F884BFF0063B14E /* Resources */,
			);
			buildRules = (
			);
			dependencies = (
			);
			name = StatusMonitor;
			packageProductDependencies = (
			);
			productName = StatusMonitor;
			productReference = 8673B25C2F884BFF0063B14E /* StatusMonitor.app */;
			productType = "com.apple.product-type.application";
		};
		BB00000100000011000TESTT /* StatusMonitorTests */ = {
			isa = PBXNativeTarget;
			buildConfigurationList = BB00000100000019000CFGLT /* Build configuration list for PBXNativeTarget "StatusMonitorTests" */;
			buildPhases = (
				BB00000100000012000SRCES /* Sources */,
				BB0000010000000F000FRMWK /* Frameworks */,
				BB00000100000013000RSRCS /* Resources */,
			);
			buildRules = (
			);
			dependencies = (
				BB00000100000014000TGDEP /* PBXTargetDependency */,
			);
			name = StatusMonitorTests;
			packageProductDependencies = (
			);
			productName = StatusMonitorTests;
			productReference = BB0000010000000E000XCTEST /* StatusMonitorTests.xctest */;
			productType = "com.apple.product-type.bundle.unit-test";
		};
/* End PBXNativeTarget section */

/* Begin PBXProject section */
		8673B2542F884BFF0063B14E /* Project object */ = {
			isa = PBXProject;
			attributes = {
				BuildIndependentTargetsInParallel = 1;
				LastSwiftUpdateCheck = 2640;
				LastUpgradeCheck = 2640;
				TargetAttributes = {
					8673B25B2F884BFF0063B14E = {
						CreatedOnToolsVersion = 26.4;
					};
					BB00000100000011000TESTT = {
						CreatedOnToolsVersion = 26.4;
						TestTargetID = 8673B25B2F884BFF0063B14E;
					};
				};
			};
			buildConfigurationList = 8673B2572F884BFF0063B14E /* Build configuration list for PBXProject "StatusMonitor" */;
			developmentRegion = en;
			hasScannedForEncodings = 0;
			knownRegions = (
				en,
				Base,
			);
			mainGroup = 8673B2532F884BFF0063B14E;
			minimizedProjectReferenceProxies = 1;
			preferredProjectObjectVersion = 77;
			productRefGroup = 8673B25D2F884BFF0063B14E /* Products */;
			projectDirPath = "";
			projectRoot = "";
			targets = (
				8673B25B2F884BFF0063B14E /* StatusMonitor */,
				BB00000100000011000TESTT /* StatusMonitorTests */,
			);
		};
/* End PBXProject section */

/* Begin PBXResourcesBuildPhase section */
		8673B25A2F884BFF0063B14E /* Resources */ = {
			isa = PBXResourcesBuildPhase;
			buildActionMask = 2147483647;
			files = (
				8673B2832F884C760063B14E /* Info.plist in Resources */,
				865777792F8DA018001FF1AB /* Assets.xcassets in Resources */,
				AA00000100000001000CATJN /* catalog.json in Resources */,
			);
			runOnlyForDeploymentPostprocessing = 0;
		};
		BB00000100000013000RSRCS /* Resources */ = {
			isa = PBXResourcesBuildPhase;
			buildActionMask = 2147483647;
			files = (
			);
			runOnlyForDeploymentPostprocessing = 0;
		};
/* End PBXResourcesBuildPhase section */

/* Begin PBXSourcesBuildPhase section */
		8673B2582F884BFF0063B14E /* Sources */ = {
			isa = PBXSourcesBuildPhase;
			buildActionMask = 2147483647;
			files = (
				8673B27C2F884C760063B14E /* NotificationService.swift in Sources */,
				8673B27D2F884C760063B14E /* DashboardView.swift in Sources */,
				8673B27E2F884C760063B14E /* SettingsView.swift in Sources */,
				8673B27F2F884C760063B14E /* RSSParser.swift in Sources */,
				8673B2802F884C760063B14E /* StatusMonitorApp.swift in Sources */,
				8673B2812F884C760063B14E /* Models.swift in Sources */,
				8673B2822F884C760063B14E /* StatusManager.swift in Sources */,
				AA00000100000008000FBVEW /* FeedbackView.swift in Sources */,
				AA0000010000000A000SDVEW /* ServiceDetailView.swift in Sources */,
				AA00000100000006000SIVEW /* ServiceIconView.swift in Sources */,
			);
			runOnlyForDeploymentPostprocessing = 0;
		};
		BB00000100000012000SRCES /* Sources */ = {
			isa = PBXSourcesBuildPhase;
			buildActionMask = 2147483647;
			files = (
				BB00000100000001000CATTF /* CatalogTests.swift in Sources */,
				BB00000100000003000CODTF /* CodableTests.swift in Sources */,
				BB00000100000005000CMPTF /* ComponentStatusTests.swift in Sources */,
				BB00000100000007000PRVTF /* ProviderTests.swift in Sources */,
				BB00000100000009000RSSTF /* RSSParserTests.swift in Sources */,
				BB0000010000000B000SMGTF /* StatusManagerTests.swift in Sources */,
				BB0000010000000F000POLTF /* StatusManagerPollTests.swift in Sources */,
				BB00000100000011000NFYTF /* NotificationServiceTests.swift in Sources */,
				BB00000100000013000PRSTF /* StatusManagerPersistenceTests.swift in Sources */,
				BB00000100000015000BOFTF /* StatusManagerBackoffTests.swift in Sources */,
				BB00000100000017000CLDTF /* CloudProviderRSSTests.swift in Sources */,
			);
			runOnlyForDeploymentPostprocessing = 0;
		};
/* End PBXSourcesBuildPhase section */

/* Begin PBXTargetDependency section */
		BB00000100000014000TGDEP /* PBXTargetDependency */ = {
			isa = PBXTargetDependency;
			target = 8673B25B2F884BFF0063B14E /* StatusMonitor */;
			targetProxy = BB0000010000000D000PROXY /* PBXContainerItemProxy */;
		};
/* End PBXTargetDependency section */

/* Begin XCBuildConfiguration section */
		8673B2652F884C000063B14E /* Debug */ = {
			isa = XCBuildConfiguration;
			buildSettings = {
				ALWAYS_SEARCH_USER_PATHS = NO;
				ASSETCATALOG_COMPILER_GENERATE_SWIFT_ASSET_SYMBOL_EXTENSIONS = YES;
				CLANG_ANALYZER_NONNULL = YES;
				CLANG_ANALYZER_NUMBER_OBJECT_CONVERSION = YES_AGGRESSIVE;
				CLANG_CXX_LANGUAGE_STANDARD = "gnu++20";
				CLANG_ENABLE_MODULES = YES;
				CLANG_ENABLE_OBJC_ARC = YES;
				CLANG_ENABLE_OBJC_WEAK = YES;
				CLANG_WARN_BLOCK_CAPTURE_AUTORELEASING = YES;
				CLANG_WARN_BOOL_CONVERSION = YES;
				CLANG_WARN_COMMA = YES;
				CLANG_WARN_CONSTANT_CONVERSION = YES;
				CLANG_WARN_DEPRECATED_OBJC_IMPLEMENTATIONS = YES;
				CLANG_WARN_DIRECT_OBJC_ISA_USAGE = YES_ERROR;
				CLANG_WARN_DOCUMENTATION_COMMENTS = YES;
				CLANG_WARN_EMPTY_BODY = YES;
				CLANG_WARN_ENUM_CONVERSION = YES;
				CLANG_WARN_INFINITE_RECURSION = YES;
				CLANG_WARN_INT_CONVERSION = YES;
				CLANG_WARN_NON_LITERAL_NULL_CONVERSION = YES;
				CLANG_WARN_OBJC_IMPLICIT_RETAIN_SELF = YES;
				CLANG_WARN_OBJC_LITERAL_CONVERSION = YES;
				CLANG_WARN_OBJC_ROOT_CLASS = YES_ERROR;
				CLANG_WARN_QUOTED_INCLUDE_IN_FRAMEWORK_HEADER = YES;
				CLANG_WARN_RANGE_LOOP_ANALYSIS = YES;
				CLANG_WARN_STRICT_PROTOTYPES = YES;
				CLANG_WARN_SUSPICIOUS_MOVE = YES;
				CLANG_WARN_UNGUARDED_AVAILABILITY = YES_AGGRESSIVE;
				CLANG_WARN_UNREACHABLE_CODE = YES;
				CLANG_WARN__DUPLICATE_METHOD_MATCH = YES;
				COPY_PHASE_STRIP = NO;
				DEBUG_INFORMATION_FORMAT = dwarf;
				DEVELOPMENT_TEAM = W4HBM3A7DC;
				ENABLE_STRICT_OBJC_MSGSEND = YES;
				ENABLE_TESTABILITY = YES;
				ENABLE_USER_SCRIPT_SANDBOXING = YES;
				GCC_C_LANGUAGE_STANDARD = gnu17;
				GCC_DYNAMIC_NO_PIC = NO;
				GCC_NO_COMMON_BLOCKS = YES;
				GCC_OPTIMIZATION_LEVEL = 0;
				GCC_PREPROCESSOR_DEFINITIONS = (
					"DEBUG=1",
					"$(inherited)",
				);
				GCC_WARN_64_TO_32_BIT_CONVERSION = YES;
				GCC_WARN_ABOUT_RETURN_TYPE = YES_ERROR;
				GCC_WARN_UNDECLARED_SELECTOR = YES;
				GCC_WARN_UNINITIALIZED_AUTOS = YES_AGGRESSIVE;
				GCC_WARN_UNUSED_FUNCTION = YES;
				GCC_WARN_UNUSED_VARIABLE = YES;
				LOCALIZATION_PREFERS_STRING_CATALOGS = YES;
				MACOSX_DEPLOYMENT_TARGET = 26.4;
				MTL_ENABLE_DEBUG_INFO = INCLUDE_SOURCE;
				MTL_FAST_MATH = YES;
				ONLY_ACTIVE_ARCH = YES;
				SDKROOT = macosx;
				SWIFT_ACTIVE_COMPILATION_CONDITIONS = "DEBUG $(inherited)";
				SWIFT_OPTIMIZATION_LEVEL = "-Onone";
			};
			name = Debug;
		};
		8673B2662F884C000063B14E /* Release */ = {
			isa = XCBuildConfiguration;
			buildSettings = {
				ALWAYS_SEARCH_USER_PATHS = NO;
				ASSETCATALOG_COMPILER_GENERATE_SWIFT_ASSET_SYMBOL_EXTENSIONS = YES;
				CLANG_ANALYZER_NONNULL = YES;
				CLANG_ANALYZER_NUMBER_OBJECT_CONVERSION = YES_AGGRESSIVE;
				CLANG_CXX_LANGUAGE_STANDARD = "gnu++20";
				CLANG_ENABLE_MODULES = YES;
				CLANG_ENABLE_OBJC_ARC = YES;
				CLANG_ENABLE_OBJC_WEAK = YES;
				CLANG_WARN_BLOCK_CAPTURE_AUTORELEASING = YES;
				CLANG_WARN_BOOL_CONVERSION = YES;
				CLANG_WARN_COMMA = YES;
				CLANG_WARN_CONSTANT_CONVERSION = YES;
				CLANG_WARN_DEPRECATED_OBJC_IMPLEMENTATIONS = YES;
				CLANG_WARN_DIRECT_OBJC_ISA_USAGE = YES_ERROR;
				CLANG_WARN_DOCUMENTATION_COMMENTS = YES;
				CLANG_WARN_EMPTY_BODY = YES;
				CLANG_WARN_ENUM_CONVERSION = YES;
				CLANG_WARN_INFINITE_RECURSION = YES;
				CLANG_WARN_INT_CONVERSION = YES;
				CLANG_WARN_NON_LITERAL_NULL_CONVERSION = YES;
				CLANG_WARN_OBJC_IMPLICIT_RETAIN_SELF = YES;
				CLANG_WARN_OBJC_LITERAL_CONVERSION = YES;
				CLANG_WARN_OBJC_ROOT_CLASS = YES_ERROR;
				CLANG_WARN_QUOTED_INCLUDE_IN_FRAMEWORK_HEADER = YES;
				CLANG_WARN_RANGE_LOOP_ANALYSIS = YES;
				CLANG_WARN_STRICT_PROTOTYPES = YES;
				CLANG_WARN_SUSPICIOUS_MOVE = YES;
				CLANG_WARN_UNGUARDED_AVAILABILITY = YES_AGGRESSIVE;
				CLANG_WARN_UNREACHABLE_CODE = YES;
				CLANG_WARN__DUPLICATE_METHOD_MATCH = YES;
				COPY_PHASE_STRIP = NO;
				DEBUG_INFORMATION_FORMAT = "dwarf-with-dsym";
				DEVELOPMENT_TEAM = W4HBM3A7DC;
				ENABLE_NS_ASSERTIONS = NO;
				ENABLE_STRICT_OBJC_MSGSEND = YES;
				ENABLE_USER_SCRIPT_SANDBOXING = YES;
				GCC_C_LANGUAGE_STANDARD = gnu17;
				GCC_NO_COMMON_BLOCKS = YES;
				GCC_WARN_64_TO_32_BIT_CONVERSION = YES;
				GCC_WARN_ABOUT_RETURN_TYPE = YES_ERROR;
				GCC_WARN_UNDECLARED_SELECTOR = YES;
				GCC_WARN_UNINITIALIZED_AUTOS = YES_AGGRESSIVE;
				GCC_WARN_UNUSED_FUNCTION = YES;
				GCC_WARN_UNUSED_VARIABLE = YES;
				LOCALIZATION_PREFERS_STRING_CATALOGS = YES;
				MACOSX_DEPLOYMENT_TARGET = 26.4;
				MTL_ENABLE_DEBUG_INFO = NO;
				MTL_FAST_MATH = YES;
				SDKROOT = macosx;
				SWIFT_COMPILATION_MODE = wholemodule;
			};
			name = Release;
		};
		8673B2682F884C000063B14E /* Debug */ = {
			isa = XCBuildConfiguration;
			buildSettings = {
				ASSETCATALOG_COMPILER_APPICON_NAME = AppIcon;
				ASSETCATALOG_COMPILER_GLOBAL_ACCENT_COLOR_NAME = AccentColor;
				ASSETCATALOG_COMPILER_INCLUDE_ALL_APPICON_ASSETS = NO;
				"CODE_SIGN_IDENTITY[sdk=macosx*]" = "Apple Development";
				CODE_SIGN_STYLE = Automatic;
				COMBINE_HIDPI_IMAGES = YES;
				CURRENT_PROJECT_VERSION = 1;
				DEVELOPMENT_TEAM = W4HBM3A7DC;
				ENABLE_APP_SANDBOX = YES;
				ENABLE_HARDENED_RUNTIME = YES;
				ENABLE_INCOMING_NETWORK_CONNECTIONS = NO;
				ENABLE_OUTGOING_NETWORK_CONNECTIONS = YES;
				ENABLE_PREVIEWS = YES;
				ENABLE_RESOURCE_ACCESS_AUDIO_INPUT = NO;
				ENABLE_RESOURCE_ACCESS_BLUETOOTH = NO;
				ENABLE_RESOURCE_ACCESS_CALENDARS = NO;
				ENABLE_RESOURCE_ACCESS_CAMERA = NO;
				ENABLE_RESOURCE_ACCESS_CONTACTS = NO;
				ENABLE_RESOURCE_ACCESS_LOCATION = NO;
				ENABLE_RESOURCE_ACCESS_PRINTING = NO;
				ENABLE_RESOURCE_ACCESS_USB = NO;
				ENABLE_USER_SELECTED_FILES = readonly;
				GENERATE_INFOPLIST_FILE = YES;
				INFOPLIST_KEY_LSApplicationCategoryType = "public.app-category.utilities";
				INFOPLIST_KEY_NSHumanReadableCopyright = "";
				LD_RUNPATH_SEARCH_PATHS = (
					"$(inherited)",
					"@executable_path/../Frameworks",
				);
				MACOSX_DEPLOYMENT_TARGET = 14.6;
				MARKETING_VERSION = 1.0;
				PRODUCT_BUNDLE_IDENTIFIER = com.moollapps.StatusMonitor;
				PRODUCT_NAME = "$(TARGET_NAME)";
				REGISTER_APP_GROUPS = YES;
				STRING_CATALOG_GENERATE_SYMBOLS = YES;
				SWIFT_APPROACHABLE_CONCURRENCY = YES;
				SWIFT_DEFAULT_ACTOR_ISOLATION = MainActor;
				SWIFT_EMIT_LOC_STRINGS = YES;
				SWIFT_UPCOMING_FEATURE_MEMBER_IMPORT_VISIBILITY = YES;
				SWIFT_VERSION = 5.0;
			};
			name = Debug;
		};
		8673B2692F884C000063B14E /* Release */ = {
			isa = XCBuildConfiguration;
			buildSettings = {
				ASSETCATALOG_COMPILER_APPICON_NAME = AppIcon;
				ASSETCATALOG_COMPILER_GLOBAL_ACCENT_COLOR_NAME = AccentColor;
				ASSETCATALOG_COMPILER_INCLUDE_ALL_APPICON_ASSETS = NO;
				"CODE_SIGN_IDENTITY[sdk=macosx*]" = "Apple Development";
				CODE_SIGN_STYLE = Automatic;
				COMBINE_HIDPI_IMAGES = YES;
				CURRENT_PROJECT_VERSION = 1;
				DEVELOPMENT_TEAM = W4HBM3A7DC;
				ENABLE_APP_SANDBOX = YES;
				ENABLE_HARDENED_RUNTIME = YES;
				ENABLE_INCOMING_NETWORK_CONNECTIONS = NO;
				ENABLE_OUTGOING_NETWORK_CONNECTIONS = YES;
				ENABLE_PREVIEWS = YES;
				ENABLE_RESOURCE_ACCESS_AUDIO_INPUT = NO;
				ENABLE_RESOURCE_ACCESS_BLUETOOTH = NO;
				ENABLE_RESOURCE_ACCESS_CALENDARS = NO;
				ENABLE_RESOURCE_ACCESS_CAMERA = NO;
				ENABLE_RESOURCE_ACCESS_CONTACTS = NO;
				ENABLE_RESOURCE_ACCESS_LOCATION = NO;
				ENABLE_RESOURCE_ACCESS_PRINTING = NO;
				ENABLE_RESOURCE_ACCESS_USB = NO;
				ENABLE_USER_SELECTED_FILES = readonly;
				GENERATE_INFOPLIST_FILE = YES;
				INFOPLIST_KEY_LSApplicationCategoryType = "public.app-category.utilities";
				INFOPLIST_KEY_NSHumanReadableCopyright = "";
				LD_RUNPATH_SEARCH_PATHS = (
					"$(inherited)",
					"@executable_path/../Frameworks",
				);
				MACOSX_DEPLOYMENT_TARGET = 14.6;
				MARKETING_VERSION = 1.0;
				PRODUCT_BUNDLE_IDENTIFIER = com.moollapps.StatusMonitor;
				PRODUCT_NAME = "$(TARGET_NAME)";
				REGISTER_APP_GROUPS = YES;
				STRING_CATALOG_GENERATE_SYMBOLS = YES;
				SWIFT_APPROACHABLE_CONCURRENCY = YES;
				SWIFT_DEFAULT_ACTOR_ISOLATION = MainActor;
				SWIFT_EMIT_LOC_STRINGS = YES;
				SWIFT_UPCOMING_FEATURE_MEMBER_IMPORT_VISIBILITY = YES;
				SWIFT_VERSION = 5.0;
			};
			name = Release;
		};
		BB00000100000015000DBGTF /* Debug */ = {
			isa = XCBuildConfiguration;
			buildSettings = {
				BUNDLE_LOADER = "$(TEST_HOST)";
				CODE_SIGN_STYLE = Automatic;
				CURRENT_PROJECT_VERSION = 1;
				DEVELOPMENT_TEAM = W4HBM3A7DC;
				GENERATE_INFOPLIST_FILE = YES;
				MACOSX_DEPLOYMENT_TARGET = 14.6;
				MARKETING_VERSION = 1.0;
				PRODUCT_BUNDLE_IDENTIFIER = com.moollapps.StatusMonitorTests;
				PRODUCT_NAME = "$(TARGET_NAME)";
				SWIFT_APPROACHABLE_CONCURRENCY = YES;
				SWIFT_DEFAULT_ACTOR_ISOLATION = MainActor;
				SWIFT_EMIT_LOC_STRINGS = NO;
				SWIFT_VERSION = 5.0;
				TEST_HOST = "$(BUILT_PRODUCTS_DIR)/StatusMonitor.app/Contents/MacOS/StatusMonitor";
			};
			name = Debug;
		};
		BB00000100000016000RELTF /* Release */ = {
			isa = XCBuildConfiguration;
			buildSettings = {
				BUNDLE_LOADER = "$(TEST_HOST)";
				CODE_SIGN_STYLE = Automatic;
				CURRENT_PROJECT_VERSION = 1;
				DEVELOPMENT_TEAM = W4HBM3A7DC;
				GENERATE_INFOPLIST_FILE = YES;
				MACOSX_DEPLOYMENT_TARGET = 14.6;
				MARKETING_VERSION = 1.0;
				PRODUCT_BUNDLE_IDENTIFIER = com.moollapps.StatusMonitorTests;
				PRODUCT_NAME = "$(TARGET_NAME)";
				SWIFT_APPROACHABLE_CONCURRENCY = YES;
				SWIFT_DEFAULT_ACTOR_ISOLATION = MainActor;
				SWIFT_EMIT_LOC_STRINGS = NO;
				SWIFT_VERSION = 5.0;
				TEST_HOST = "$(BUILT_PRODUCTS_DIR)/StatusMonitor.app/Contents/MacOS/StatusMonitor";
			};
			name = Release;
		};
/* End XCBuildConfiguration section */

/* Begin XCConfigurationList section */
		8673B2572F884BFF0063B14E /* Build configuration list for PBXProject "StatusMonitor" */ = {
			isa = XCConfigurationList;
			buildConfigurations = (
				8673B2652F884C000063B14E /* Debug */,
				8673B2662F884C000063B14E /* Release */,
			);
			defaultConfigurationIsVisible = 0;
			defaultConfigurationName = Release;
		};
		8673B2672F884C000063B14E /* Build configuration list for PBXNativeTarget "StatusMonitor" */ = {
			isa = XCConfigurationList;
			buildConfigurations = (
				8673B2682F884C000063B14E /* Debug */,
				8673B2692F884C000063B14E /* Release */,
			);
			defaultConfigurationIsVisible = 0;
			defaultConfigurationName = Release;
		};
		BB00000100000019000CFGLT /* Build configuration list for PBXNativeTarget "StatusMonitorTests" */ = {
			isa = XCConfigurationList;
			buildConfigurations = (
				BB00000100000015000DBGTF /* Debug */,
				BB00000100000016000RELTF /* Release */,
			);
			defaultConfigurationIsVisible = 0;
			defaultConfigurationName = Release;
		};
/* End XCConfigurationList section */
	};
	rootObject = 8673B2542F884BFF0063B14E /* Project object */;
}
